
Microsoft Visual Studio Solution File, Format Version 12.00
# Visual Studio Version 16
VisualStudioVersion = 16.0.32407.337
MinimumVisualStudioVersion = 10.0.40219.1
Project("{FAE04EC0-301F-11D3-BF4B-00C04F79EFBC}") = "CapaPresentacionAdmin", "CapaPresentacionAdmin\CapaPresentacionAdmin.csproj", "{6828BEF9-63C4-44B4-B48D-217337D3B392}"
EndProject
Project("{FAE04EC0-301F-11D3-BF4B-00C04F79EFBC}") = "CapaPresentacionTienda", "CapaPresentacionTienda\CapaPresentacionTienda.csproj", "{0AE2CFFA-A66A-4C59-82A6-96C87012666A}"
EndProject
Project("{FAE04EC0-301F-11D3-BF4B-00C04F79EFBC}") = "CapaDatos", "CapaDatos\CapaDatos.csproj", "{8C6015ED-3778-4951-ACCA-5AEED5446867}"
EndProject
Project("{FAE04EC0-301F-11D3-BF4B-00C04F79EFBC}") = "CapaEntidad", "CapaEntidad\CapaEntidad.csproj", "{C30B7E35-B4E0-417F-8E3D-D36BEE4F0BD6}"
EndProject
Project("{FAE04EC0-301F-11D3-BF4B-00C04F79EFBC}") = "CapaNegocio", "CapaNegocio\CapaNegocio.csproj", "{E22A63FF-A474-4814-B3B7-9D6B6AAF6C4F}"
EndProject
Global
	GlobalSection(SolutionConfigurationPlatforms) = preSolution
		Debug|Any CPU = Debug|Any CPU
		Release|Any CPU = Release|Any CPU
	EndGlobalSection
	GlobalSection(ProjectConfigurationPlatforms) = postSolution
		{6828BEF9-63C4-44B4-B48D-217337D3B392}.Debug|Any CPU.ActiveCfg = Debug|Any CPU
		{6828BEF9-63C4-44B4-B48D-217337D3B392}.Debug|Any CPU.Build.0 = Debug|Any CPU
		{6828BEF9-63C4-44B4-B48D-217337D3B392}.Release|Any CPU.ActiveCfg = Release|Any CPU
		{6828BEF9-63C4-44B4-B48D-217337D3B392}.Release|Any CPU.Build.0 = Release|Any CPU
		{0AE2CFFA-A66A-4C59-82A6-96C87012666A}.Debug|Any CPU.ActiveCfg = Debug|Any CPU
		{0AE2CFFA-A66A-4C59-82A6-96C87012666A}.Debug|Any CPU.Build.0 = Debug|Any CPU
		{0AE2CFFA-A66A-4C59-82A6-96C87012666A}.Release|Any CPU.ActiveCfg = Release|Any CPU
		{0AE2CFFA-A66A-4C59-82A6-96C87012666A}.Release|Any CPU.Build.0 = Release|Any CPU
		{8C6015ED-3778-4951-ACCA-5AEED5446867}.Debug|Any CPU.ActiveCfg = Debug|Any CPU
		{8C6015ED-3778-4951-ACCA-5AEED5446867}.Debug|Any CPU.Build.0 = Debug|Any CPU
		{8C6015ED-3778-4951-ACCA-5AEED5446867}.Release|Any CPU.ActiveCfg = Release|Any CPU
		{8C6015ED-3778-4951-ACCA-5AEED5446867}.Release|Any CPU.Build.0 = Release|Any CPU
		{C30B7E35-B4E0-417F-8E3D-D36BEE4F0BD6}.Debug|Any CPU.ActiveCfg = Debug|Any CPU
		{C30B7E35-B4E0-417F-8E3D-D36BEE4F0BD6}.Debug|Any CPU.Build.0 = Debug|Any CPU
		{C30B7E35-B4E0-417F-8E3D-D36BEE4F0BD6}.Release|Any CPU.ActiveCfg = Release|Any CPU
		{C30B7E35-B4E0-417F-8E3D-D36BEE4F0BD6}.Release|Any CPU.Build.0 = Release|Any CPU
		{E22A63FF-A474-4814-B3B7-9D6B6AAF6C4F}.Debug|Any CPU.ActiveCfg = Debug|Any CPU
		{E22A63FF-A474-4814-B3B7-9D6B6AAF6C4F}.Debug|Any CPU.Build.0 = Debug|Any CPU
		{E22A63FF-A474-4814-B3B7-9D6B6AAF6C4F}.Release|Any CPU.ActiveCfg = Release|Any CPU
		{E22A63FF-A474-4814-B3B7-9D6B6AAF6C4F}.Release|Any CPU.Build.0 = Release|Any CPU
	EndGlobalSection
	GlobalSection(SolutionProperties) = preSolution
		HideSolutionNode = FALSE
	EndGlobalSection
	GlobalSection(ExtensibilityGlobals) = postSolution
		SolutionGuid = {E8B89A3E-8FB0-4BDF-93CE-B55CCD252441}
	EndGlobalSection
EndGlobal
